
Microsoft Visual Studio Solution File, Format Version 12.00
# Visual Studio Version 17
VisualStudioVersion = 17.1.32319.34
MinimumVisualStudioVersion = 10.0.40219.1
Project("{8BC9CEB8-8B4A-11D0-8D11-00A0C91BC942}") = "UkładRównan", "UkładRównan\UkładRównan.vcxproj", "{DB59A9BB-F161-4825-8A96-99E96826C127}"
EndProject
Global
	GlobalSection(SolutionConfigurationPlatforms) = preSolution
		Debug|x64 = Debug|x64
		Debug|x86 = Debug|x86
		Release|x64 = Release|x64
		Release|x86 = Release|x86
	EndGlobalSection
	GlobalSection(ProjectConfigurationPlatforms) = postSolution
		{DB59A9BB-F161-4825-8A96-99E96826C127}.Debug|x64.ActiveCfg = Debug|x64
		{DB59A9BB-F161-4825-8A96-99E96826C127}.Debug|x64.Build.0 = Debug|x64
		{DB59A9BB-F161-4825-8A96-99E96826C127}.Debug|x86.ActiveCfg = Debug|Win32
		{DB59A9BB-F161-4825-8A96-99E96826C127}.Debug|x86.Build.0 = Debug|Win32
		{DB59A9BB-F161-4825-8A96-99E96826C127}.Release|x64.ActiveCfg = Release|x64
		{DB59A9BB-F161-4825-8A96-99E96826C127}.Release|x64.Build.0 = Release|x64
		{DB59A9BB-F161-4825-8A96-99E96826C127}.Release|x86.ActiveCfg = Release|Win32
		{DB59A9BB-F161-4825-8A96-99E96826C127}.Release|x86.Build.0 = Release|Win32
	EndGlobalSection
	GlobalSection(SolutionProperties) = preSolution
		HideSolutionNode = FALSE
	EndGlobalSection
	GlobalSection(ExtensibilityGlobals) = postSolution
		SolutionGuid = {632FB0E7-239F-4E28-B49C-A7FD66EFDA78}
	EndGlobalSection
EndGlobal
